// !$*UTF8*$!
{
	archiveVersion = 1;
	classes = {
	};
	objectVersion = 55;
	objects = {

/* Begin PBXBuildFile section */
		83FB7388289D1C54006A0B75 /* PraterApp.swift in Sources */ = {isa = PBXBuildFile; fileRef = 83FB7387289D1C54006A0B75 /* PraterApp.swift */; };
		83FB738A289D1C54006A0B75 /* ContentView.swift in Sources */ = {isa = PBXBuildFile; fileRef = 83FB7389289D1C54006A0B75 /* ContentView.swift */; };
		83FB738C289D1C58006A0B75 /* Assets.xcassets in Resources */ = {isa = PBXBuildFile; fileRef = 83FB738B289D1C58006A0B75 /* Assets.xcassets */; };
		83FB738F289D1C58006A0B75 /* Preview Assets.xcassets in Resources */ = {isa = PBXBuildFile; fileRef = 83FB738E289D1C58006A0B75 /* Preview Assets.xcassets */; };
		83FB7399289D1D3D006A0B75 /* Album.swift in Sources */ = {isa = PBXBuildFile; fileRef = 83FB7398289D1D3D006A0B75 /* Album.swift */; };
		83FB739B289D1D67006A0B75 /* AlbumListViewModel.swift in Sources */ = {isa = PBXBuildFile; fileRef = 83FB739A289D1D67006A0B75 /* AlbumListViewModel.swift */; };
		83FB739D289D2122006A0B75 /* Song.swift in Sources */ = {isa = PBXBuildFile; fileRef = 83FB739C289D2121006A0B75 /* Song.swift */; };
		83FB739F289D2128006A0B75 /* Movie.swift in Sources */ = {isa = PBXBuildFile; fileRef = 83FB739E289D2128006A0B75 /* Movie.swift */; };
		83FB73A1289D2A29006A0B75 /* AlbumListView.swift in Sources */ = {isa = PBXBuildFile; fileRef = 83FB73A0289D2A29006A0B75 /* AlbumListView.swift */; };
/* End PBXBuildFile section */

/* Begin PBXFileReference section */
		83FB7384289D1C54006A0B75 /* Prater.app */ = {isa = PBXFileReference; explicitFileType = wrapper.application; includeInIndex = 0; path = Prater.app; sourceTree = BUILT_PRODUCTS_DIR; };
		83FB7387289D1C54006A0B75 /* PraterApp.swift */ = {isa = PBXFileReference; lastKnownFileType = sourcecode.swift; path = PraterApp.swift; sourceTree = "<group>"; };
		83FB7389289D1C54006A0B75 /* ContentView.swift */ = {isa = PBXFileReference; lastKnownFileType = sourcecode.swift; path = ContentView.swift; sourceTree = "<group>"; };
		83FB738B289D1C58006A0B75 /* Assets.xcassets */ = {isa = PBXFileReference; lastKnownFileType = folder.assetcatalog; path = Assets.xcassets; sourceTree = "<group>"; };
		83FB738E289D1C58006A0B75 /* Preview Assets.xcassets */ = {isa = PBXFileReference; lastKnownFileType = folder.assetcatalog; path = "Preview Assets.xcassets"; sourceTree = "<group>"; };
		83FB7398289D1D3D006A0B75 /* Album.swift */ = {isa = PBXFileReference; lastKnownFileType = sourcecode.swift; path = Album.swift; sourceTree = "<group>"; };
		83FB739A289D1D67006A0B75 /* AlbumListViewModel.swift */ = {isa = PBXFileReference; lastKnownFileType = sourcecode.swift; path = AlbumListViewModel.swift; sourceTree = "<group>"; };
		83FB739C289D2121006A0B75 /* Song.swift */ = {isa = PBXFileReference; lastKnownFileType = sourcecode.swift; path = Song.swift; sourceTree = "<group>"; };
		83FB739E289D2128006A0B75 /* Movie.swift */ = {isa = PBXFileReference; lastKnownFileType = sourcecode.swift; path = Movie.swift; sourceTree = "<group>"; };
		83FB73A0289D2A29006A0B75 /* AlbumListView.swift */ = {isa = PBXFileReference; lastKnownFileType = sourcecode.swift; path = AlbumListView.swift; sourceTree = "<group>"; };
/* End PBXFileReference section */

/* Begin PBXFrameworksBuildPhase section */
		83FB7381289D1C54006A0B75 /* Frameworks */ = {
			isa = PBXFrameworksBuildPhase;
			buildActionMask = 2147483647;
			files = (
			);
			runOnlyForDeploymentPostprocessing = 0;
		};
/* End PBXFrameworksBuildPhase section */

/* Begin PBXGroup section */
		83FB737B289D1C54006A0B75 = {
			isa = PBXGroup;
			children = (
				83FB7386289D1C54006A0B75 /* Prater */,
				83FB7385289D1C54006A0B75 /* Products */,
			);
			sourceTree = "<group>";
		};
		83FB7385289D1C54006A0B75 /* Products */ = {
			isa = PBXGroup;
			children = (
				83FB7384289D1C54006A0B75 /* Prater.app */,
			);
			name = Products;
			sourceTree = "<group>";
		};
		83FB7386289D1C54006A0B75 /* Prater */ = {
			isa = PBXGroup;
			children = (
				83FB7397289D1D28006A0B75 /* model */,
				83FB7396289D1D15006A0B75 /* viewmodel */,
				83FB7395289D1D05006A0B75 /* view */,
				83FB7387289D1C54006A0B75 /* PraterApp.swift */,
				83FB7389289D1C54006A0B75 /* ContentView.swift */,
				83FB738B289D1C58006A0B75 /* Assets.xcassets */,
				83FB738D289D1C58006A0B75 /* Preview Content */,
			);
			path = Prater;
			sourceTree = "<group>";
		};
		83FB738D289D1C58006A0B75 /* Preview Content */ = {
			isa = PBXGroup;
			children = (
				83FB738E289D1C58006A0B75 /* Preview Assets.xcassets */,
			);
			path = "Preview Content";
			sourceTree = "<group>";
		};
		83FB7395289D1D05006A0B75 /* view */ = {
			isa = PBXGroup;
			children = (
				83FB73A0289D2A29006A0B75 /* AlbumListView.swift */,
			);
			path = view;
			sourceTree = "<group>";
		};
		83FB7396289D1D15006A0B75 /* viewmodel */ = {
			isa = PBXGroup;
			children = (
				83FB739A289D1D67006A0B75 /* AlbumListViewModel.swift */,
			);
			path = viewmodel;
			sourceTree = "<group>";
		};
		83FB7397289D1D28006A0B75 /* model */ = {
			isa = PBXGroup;
			children = (
				83FB7398289D1D3D006A0B75 /* Album.swift */,
				83FB739C289D2121006A0B75 /* Song.swift */,
				83FB739E289D2128006A0B75 /* Movie.swift */,
			);
			path = model;
			sourceTree = "<group>";
		};
/* End PBXGroup section */

/* Begin PBXNativeTarget section */
		83FB7383289D1C54006A0B75 /* Prater */ = {
			isa = PBXNativeTarget;
			buildConfigurationList = 83FB7392289D1C58006A0B75 /* Build configuration list for PBXNativeTarget "Prater" */;
			buildPhases = (
				83FB7380289D1C54006A0B75 /* Sources */,
				83FB7381289D1C54006A0B75 /* Frameworks */,
				83FB7382289D1C54006A0B75 /* Resources */,
			);
			buildRules = (
			);
			dependencies = (
			);
			name = Prater;
			productName = Prater;
			productReference = 83FB7384289D1C54006A0B75 /* Prater.app */;
			productType = "com.apple.product-type.application";
		};
/* End PBXNativeTarget section */

/* Begin PBXProject section */
		83FB737C289D1C54006A0B75 /* Project object */ = {
			isa = PBXProject;
			attributes = {
				BuildIndependentTargetsInParallel = 1;
				LastSwiftUpdateCheck = 1340;
				LastUpgradeCheck = 1340;
				TargetAttributes = {
					83FB7383289D1C54006A0B75 = {
						CreatedOnToolsVersion = 13.4.1;
					};
				};
			};
			buildConfigurationList = 83FB737F289D1C54006A0B75 /* Build configuration list for PBXProject "Prater" */;
			compatibilityVersion = "Xcode 13.0";
			developmentRegion = en;
			hasScannedForEncodings = 0;
			knownRegions = (
				en,
				Base,
			);
			mainGroup = 83FB737B289D1C54006A0B75;
			productRefGroup = 83FB7385289D1C54006A0B75 /* Products */;
			projectDirPath = "";
			projectRoot = "";
			targets = (
				83FB7383289D1C54006A0B75 /* Prater */,
			);
		};
/* End PBXProject section */

/* Begin PBXResourcesBuildPhase section */
		83FB7382289D1C54006A0B75 /* Resources */ = {
			isa = PBXResourcesBuildPhase;
			buildActionMask = 2147483647;
			files = (
				83FB738F289D1C58006A0B75 /* Preview Assets.xcassets in Resources */,
				83FB738C289D1C58006A0B75 /* Assets.xcassets in Resources */,
			);
			runOnlyForDeploymentPostprocessing = 0;
		};
/* End PBXResourcesBuildPhase section */

/* Begin PBXSourcesBuildPhase section */
		83FB7380289D1C54006A0B75 /* Sources */ = {
			isa = PBXSourcesBuildPhase;
			buildActionMask = 2147483647;
			files = (
				83FB739B289D1D67006A0B75 /* AlbumListViewModel.swift in Sources */,
				83FB738A289D1C54006A0B75 /* ContentView.swift in Sources */,
				83FB739F289D2128006A0B75 /* Movie.swift in Sources */,
				83FB7388289D1C54006A0B75 /* PraterApp.swift in Sources */,
				83FB7399289D1D3D006A0B75 /* Album.swift in Sources */,
				83FB739D289D2122006A0B75 /* Song.swift in Sources */,
				83FB73A1289D2A29006A0B75 /* AlbumListView.swift in Sources */,
			);
			runOnlyForDeploymentPostprocessing = 0;
		};
/* End PBXSourcesBuildPhase section */

/* Begin XCBuildConfiguration section */
		83FB7390289D1C58006A0B75 /* Debug */ = {
			isa = XCBuildConfiguration;
			buildSettings = {
				ALWAYS_SEARCH_USER_PATHS = NO;
				CLANG_ANALYZER_NONNULL = YES;
				CLANG_ANALYZER_NUMBER_OBJECT_CONVERSION = YES_AGGRESSIVE;
				CLANG_CXX_LANGUAGE_STANDARD = "gnu++17";
				CLANG_ENABLE_MODULES = YES;
				CLANG_ENABLE_OBJC_ARC = YES;
				CLANG_ENABLE_OBJC_WEAK = YES;
				CLANG_WARN_BLOCK_CAPTURE_AUTORELEASING = YES;
				CLANG_WARN_BOOL_CONVERSION = YES;
				CLANG_WARN_COMMA = YES;
				CLANG_WARN_CONSTANT_CONVERSION = YES;
				CLANG_WARN_DEPRECATED_OBJC_IMPLEMENTATIONS = YES;
				CLANG_WARN_DIRECT_OBJC_ISA_USAGE = YES_ERROR;
				CLANG_WARN_DOCUMENTATION_COMMENTS = YES;
				CLANG_WARN_EMPTY_BODY = YES;
				CLANG_WARN_ENUM_CONVERSION = YES;
				CLANG_WARN_INFINITE_RECURSION = YES;
				CLANG_WARN_INT_CONVERSION = YES;
				CLANG_WARN_NON_LITERAL_NULL_CONVERSION = YES;
				CLANG_WARN_OBJC_IMPLICIT_RETAIN_SELF = YES;
				CLANG_WARN_OBJC_LITERAL_CONVERSION = YES;
				CLANG_WARN_OBJC_ROOT_CLASS = YES_ERROR;
				CLANG_WARN_QUOTED_INCLUDE_IN_FRAMEWORK_HEADER = YES;
				CLANG_WARN_RANGE_LOOP_ANALYSIS = YES;
				CLANG_WARN_STRICT_PROTOTYPES = YES;
				CLANG_WARN_SUSPICIOUS_MOVE = YES;
				CLANG_WARN_UNGUARDED_AVAILABILITY = YES_AGGRESSIVE;
				CLANG_WARN_UNREACHABLE_CODE = YES;
				CLANG_WARN__DUPLICATE_METHOD_MATCH = YES;
				COPY_PHASE_STRIP = NO;
				DEBUG_INFORMATION_FORMAT = dwarf;
				ENABLE_STRICT_OBJC_MSGSEND = YES;
				ENABLE_TESTABILITY = YES;
				GCC_C_LANGUAGE_STANDARD = gnu11;
				GCC_DYNAMIC_NO_PIC = NO;
				GCC_NO_COMMON_BLOCKS = YES;
				GCC_OPTIMIZATION_LEVEL = 0;
				GCC_PREPROCESSOR_DEFINITIONS = (
					"DEBUG=1",
					"$(inherited)",
				);
				GCC_WARN_64_TO_32_BIT_CONVERSION = YES;
				GCC_WARN_ABOUT_RETURN_TYPE = YES_ERROR;
				GCC_WARN_UNDECLARED_SELECTOR = YES;
				GCC_WARN_UNINITIALIZED_AUTOS = YES_AGGRESSIVE;
				GCC_WARN_UNUSED_FUNCTION = YES;
				GCC_WARN_UNUSED_VARIABLE = YES;
				IPHONEOS_DEPLOYMENT_TARGET = 15.5;
				MTL_ENABLE_DEBUG_INFO = INCLUDE_SOURCE;
				MTL_FAST_MATH = YES;
				ONLY_ACTIVE_ARCH = YES;
				SDKROOT = iphoneos;
				SWIFT_ACTIVE_COMPILATION_CONDITIONS = DEBUG;
				SWIFT_OPTIMIZATION_LEVEL = "-Onone";
			};
			name = Debug;
		};
		83FB7391289D1C58006A0B75 /* Release */ = {
			isa = XCBuildConfiguration;
			buildSettings = {
				ALWAYS_SEARCH_USER_PATHS = NO;
				CLANG_ANALYZER_NONNULL = YES;
				CLANG_ANALYZER_NUMBER_OBJECT_CONVERSION = YES_AGGRESSIVE;
				CLANG_CXX_LANGUAGE_STANDARD = "gnu++17";
				CLANG_ENABLE_MODULES = YES;
				CLANG_ENABLE_OBJC_ARC = YES;
				CLANG_ENABLE_OBJC_WEAK = YES;
				CLANG_WARN_BLOCK_CAPTURE_AUTORELEASING = YES;
				CLANG_WARN_BOOL_CONVERSION = YES;
				CLANG_WARN_COMMA = YES;
				CLANG_WARN_CONSTANT_CONVERSION = YES;
				CLANG_WARN_DEPRECATED_OBJC_IMPLEMENTATIONS = YES;
				CLANG_WARN_DIRECT_OBJC_ISA_USAGE = YES_ERROR;
				CLANG_WARN_DOCUMENTATION_COMMENTS = YES;
				CLANG_WARN_EMPTY_BODY = YES;
				CLANG_WARN_ENUM_CONVERSION = YES;
				CLANG_WARN_INFINITE_RECURSION = YES;
				CLANG_WARN_INT_CONVERSION = YES;
				CLANG_WARN_NON_LITERAL_NULL_CONVERSION = YES;
				CLANG_WARN_OBJC_IMPLICIT_RETAIN_SELF = YES;
				CLANG_WARN_OBJC_LITERAL_CONVERSION = YES;
				CLANG_WARN_OBJC_ROOT_CLASS = YES_ERROR;
				CLANG_WARN_QUOTED_INCLUDE_IN_FRAMEWORK_HEADER = YES;
				CLANG_WARN_RANGE_LOOP_ANALYSIS = YES;
				CLANG_WARN_STRICT_PROTOTYPES = YES;
				CLANG_WARN_SUSPICIOUS_MOVE = YES;
				CLANG_WARN_UNGUARDED_AVAILABILITY = YES_AGGRESSIVE;
				CLANG_WARN_UNREACHABLE_CODE = YES;
				CLANG_WARN__DUPLICATE_METHOD_MATCH = YES;
				COPY_PHASE_STRIP = NO;
				DEBUG_INFORMATION_FORMAT = "dwarf-with-dsym";
				ENABLE_NS_ASSERTIONS = NO;
				ENABLE_STRICT_OBJC_MSGSEND = YES;
				GCC_C_LANGUAGE_STANDARD = gnu11;
				GCC_NO_COMMON_BLOCKS = YES;
				GCC_WARN_64_TO_32_BIT_CONVERSION = YES;
				GCC_WARN_ABOUT_RETURN_TYPE = YES_ERROR;
				GCC_WARN_UNDECLARED_SELECTOR = YES;
				GCC_WARN_UNINITIALIZED_AUTOS = YES_AGGRESSIVE;
				GCC_WARN_UNUSED_FUNCTION = YES;
				GCC_WARN_UNUSED_VARIABLE = YES;
				IPHONEOS_DEPLOYMENT_TARGET = 15.5;
				MTL_ENABLE_DEBUG_INFO = NO;
				MTL_FAST_MATH = YES;
				SDKROOT = iphoneos;
				SWIFT_COMPILATION_MODE = wholemodule;
				SWIFT_OPTIMIZATION_LEVEL = "-O";
				VALIDATE_PRODUCT = YES;
			};
			name = Release;
		};
		83FB7393289D1C58006A0B75 /* Debug */ = {
			isa = XCBuildConfiguration;
			buildSettings = {
				ASSETCATALOG_COMPILER_APPICON_NAME = AppIcon;
				ASSETCATALOG_COMPILER_GLOBAL_ACCENT_COLOR_NAME = AccentColor;
				CODE_SIGN_STYLE = Automatic;
				CURRENT_PROJECT_VERSION = 1;
				DEVELOPMENT_ASSET_PATHS = "\"Prater/Preview Content\"";
				DEVELOPMENT_TEAM = EL8Z296J47;
				ENABLE_PREVIEWS = YES;
				GENERATE_INFOPLIST_FILE = YES;
				INFOPLIST_KEY_UIApplicationSceneManifest_Generation = YES;
				INFOPLIST_KEY_UIApplicationSupportsIndirectInputEvents = YES;
				INFOPLIST_KEY_UILaunchScreen_Generation = YES;
				INFOPLIST_KEY_UISupportedInterfaceOrientations_iPad = "UIInterfaceOrientationPortrait UIInterfaceOrientationPortraitUpsideDown UIInterfaceOrientationLandscapeLeft UIInterfaceOrientationLandscapeRight";
				INFOPLIST_KEY_UISupportedInterfaceOrientations_iPhone = "UIInterfaceOrientationPortrait UIInterfaceOrientationLandscapeLeft UIInterfaceOrientationLandscapeRight";
				LD_RUNPATH_SEARCH_PATHS = (
					"$(inherited)",
					"@executable_path/Frameworks",
				);
				MARKETING_VERSION = 1.0;
				PRODUCT_BUNDLE_IDENTIFIER = net.chrissearle.Prater;
				PRODUCT_NAME = "$(TARGET_NAME)";
				SWIFT_EMIT_LOC_STRINGS = YES;
				SWIFT_VERSION = 5.0;
				TARGETED_DEVICE_FAMILY = "1,2";
			};
			name = Debug;
		};
		83FB7394289D1C58006A0B75 /* Release */ = {
			isa = XCBuildConfiguration;
			buildSettings = {
				ASSETCATALOG_COMPILER_APPICON_NAME = AppIcon;
				ASSETCATALOG_COMPILER_GLOBAL_ACCENT_COLOR_NAME = AccentColor;
				CODE_SIGN_STYLE = Automatic;
				CURRENT_PROJECT_VERSION = 1;
				DEVELOPMENT_ASSET_PATHS = "\"Prater/Preview Content\"";
				DEVELOPMENT_TEAM = EL8Z296J47;
				ENABLE_PREVIEWS = YES;
				GENERATE_INFOPLIST_FILE = YES;
				INFOPLIST_KEY_UIApplicationSceneManifest_Generation = YES;
				INFOPLIST_KEY_UIApplicationSupportsIndirectInputEvents = YES;
				INFOPLIST_KEY_UILaunchScreen_Generation = YES;
				INFOPLIST_KEY_UISupportedInterfaceOrientations_iPad = "UIInterfaceOrientationPortrait UIInterfaceOrientationPortraitUpsideDown UIInterfaceOrientationLandscapeLeft UIInterfaceOrientationLandscapeRight";
				INFOPLIST_KEY_UISupportedInterfaceOrientations_iPhone = "UIInterfaceOrientationPortrait UIInterfaceOrientationLandscapeLeft UIInterfaceOrientationLandscapeRight";
				LD_RUNPATH_SEARCH_PATHS = (
					"$(inherited)",
					"@executable_path/Frameworks",
				);
				MARKETING_VERSION = 1.0;
				PRODUCT_BUNDLE_IDENTIFIER = net.chrissearle.Prater;
				PRODUCT_NAME = "$(TARGET_NAME)";
				SWIFT_EMIT_LOC_STRINGS = YES;
				SWIFT_VERSION = 5.0;
				TARGETED_DEVICE_FAMILY = "1,2";
			};
			name = Release;
		};
/* End XCBuildConfiguration section */

/* Begin XCConfigurationList section */
		83FB737F289D1C54006A0B75 /* Build configuration list for PBXProject "Prater" */ = {
			isa = XCConfigurationList;
			buildConfigurations = (
				83FB7390289D1C58006A0B75 /* Debug */,
				83FB7391289D1C58006A0B75 /* Release */,
			);
			defaultConfigurationIsVisible = 0;
			defaultConfigurationName = Release;
		};
		83FB7392289D1C58006A0B75 /* Build configuration list for PBXNativeTarget "Prater" */ = {
			isa = XCConfigurationList;
			buildConfigurations = (
				83FB7393289D1C58006A0B75 /* Debug */,
				83FB7394289D1C58006A0B75 /* Release */,
			);
			defaultConfigurationIsVisible = 0;
			defaultConfigurationName = Release;
		};
/* End XCConfigurationList section */
	};
	rootObject = 83FB737C289D1C54006A0B75 /* Project object */;
}
